
Microsoft Visual Studio Solution File, Format Version 12.00
# Visual Studio Version 17
VisualStudioVersion = 17.10.34928.147
MinimumVisualStudioVersion = 10.0.40219.1
Project("{FAE04EC0-301F-11D3-BF4B-00C04F79EFBC}") = "xox oyunu", "xox oyunu\xox oyunu.csproj", "{32925D17-5249-4EE7-91F6-35D1C61BF70F}"
EndProject
Global
	GlobalSection(SolutionConfigurationPlatforms) = preSolution
		Debug|Any CPU = Debug|Any CPU
		Release|Any CPU = Release|Any CPU
	EndGlobalSection
	GlobalSection(ProjectConfigurationPlatforms) = postSolution
		{32925D17-5249-4EE7-91F6-35D1C61BF70F}.Debug|Any CPU.ActiveCfg = Debug|Any CPU
		{32925D17-5249-4EE7-91F6-35D1C61BF70F}.Debug|Any CPU.Build.0 = Debug|Any CPU
		{32925D17-5249-4EE7-91F6-35D1C61BF70F}.Release|Any CPU.ActiveCfg = Release|Any CPU
		{32925D17-5249-4EE7-91F6-35D1C61BF70F}.Release|Any CPU.Build.0 = Release|Any CPU
	EndGlobalSection
	GlobalSection(SolutionProperties) = preSolution
		HideSolutionNode = FALSE
	EndGlobalSection
	GlobalSection(ExtensibilityGlobals) = postSolution
		SolutionGuid = {696546F6-321B-4C23-AC3F-8411599ED3F3}
	EndGlobalSection
EndGlobal
